
Microsoft Visual Studio Solution File, Format Version 12.00
# Visual Studio Version 16
VisualStudioVersion = 16.0.810.16
MinimumVisualStudioVersion = 10.0.40219.1
Project("{FAE04EC0-301F-11D3-BF4B-00C04F79EFBC}") = "TransportPark", "TransportPark.csproj", "{551DB581-1908-475C-B22D-E54F7DB8A4B6}"
EndProject
Global
	GlobalSection(SolutionConfigurationPlatforms) = preSolution
		Debug|Any CPU = Debug|Any CPU
		Release|Any CPU = Release|Any CPU
	EndGlobalSection
	GlobalSection(ProjectConfigurationPlatforms) = postSolution
		{551DB581-1908-475C-B22D-E54F7DB8A4B6}.Debug|Any CPU.ActiveCfg = Debug|Any CPU
		{551DB581-1908-475C-B22D-E54F7DB8A4B6}.Debug|Any CPU.Build.0 = Debug|Any CPU
		{551DB581-1908-475C-B22D-E54F7DB8A4B6}.Release|Any CPU.ActiveCfg = Release|Any CPU
		{551DB581-1908-475C-B22D-E54F7DB8A4B6}.Release|Any CPU.Build.0 = Release|Any CPU
	EndGlobalSection
	GlobalSection(SolutionProperties) = preSolution
		HideSolutionNode = FALSE
	EndGlobalSection
	GlobalSection(ExtensibilityGlobals) = postSolution
		SolutionGuid = {197A41CB-A4EE-4908-96AF-9AB90C4C1BF8}
	EndGlobalSection
EndGlobal
